# This file was autogenerated by Stack.
# You should not edit this file by hand.
# For more information, please see the documentation at:
#   https://docs.haskellstack.org/en/stable/topics/lock_files

packages:
- completed:
    hackage: array-0.5.8.0@sha256:ccbcfb49801de128caf8404bcbad99cd55ccb1b65907bb53910da3d61ec0c39b,1634
    pantry-tree:
      sha256: ba8f761fd99dbfd23c87d92ad0a6f90bbfa241d6236ce3c354235e2bf56e4672
      size: 1135
  original:
    hackage: array-0.5.8.0
- completed:
    hackage: transformers-0.6.2.0@sha256:ea7d4fb1b8b32c18e02306d5e2f03b1f7465686ec4cafe1e15573c83772c0edc,3225
    pantry-tree:
      sha256: 5d3d8e38777f8ab87563e63a216d9abc08f0006443e72725cc2148a1eb9c3a66
      size: 2567
  original:
    hackage: transformers-0.6.2.0
- completed:
    hackage: mtl-2.3.1@sha256:5377696d7315e2ef31a8d15d67b22d733c20cac2caf8b26756ff8524c8217e6d,1868
    pantry-tree:
      sha256: ac3cf1dc9ef397512d4bf8f2c3fbe4d64fb8aabd253288b34bf86c09ae234d4f
      size: 1853
  original:
    hackage: mtl-2.3.1
- completed:
    hackage: filepath-1.4.301.0@sha256:2c5d05f98759938db45757016ec406ed2c6021cd9018a53fedb76b9d5a8239ea,6128
    pantry-tree:
      sha256: 8f99fd207c99566f18b0e5efe784cb72e6b240dde9ceecbe1a1a11954f6dae89
      size: 3998
  original:
    hackage: filepath-1.4.301.0
- completed:
    hackage: os-string-2.0.7@sha256:2efc549644dd418bad537d1601fdd437c440d807265016bd993b6996c679ad2f,3298
    pantry-tree:
      sha256: 761fefba1881461226ef638051793e3517868f2f4eccb104b7c6ca49763a27d4
      size: 2295
  original:
    hackage: os-string-2.0.7
- completed:
    hackage: exceptions-0.10.10@sha256:4ee3f467dddb03c7c2b12a29e6d1e6121b6e9fb4bc81731818b1f170bf36d286,2120
    pantry-tree:
      sha256: 3a0d5fee0ee06674961f992d839b8d86cd29c9916c736bbd4ac16d49a9f5d775
      size: 738
  original:
    hackage: exceptions-0.10.10
- completed:
    hackage: haskeline-0.8.4.0@sha256:42e263d54da1ba0d1ba91dd1ea53fda2b3609d888356b3ec31dc90f6cca6cd43,6178
    pantry-tree:
      sha256: 149c03c412d98e94471c8bb166a0caa81636e97f5bd15224c748772f92b1b411
      size: 2968
  original:
    hackage: haskeline-0.8.4.0
- completed:
    hackage: directory-1.3.9.0@sha256:ed6784601c6a800d4c1e40efbc9f20cf33ae2f25cac301fc239f9c91947b816b,3307
    pantry-tree:
      sha256: 2cd113a92cacbc5a9fc04bce56b12037a81e837c91ec82462835aa495125f4c7
      size: 3386
  original:
    hackage: directory-1.3.9.0@sha256:ed6784601c6a800d4c1e40efbc9f20cf33ae2f25cac301fc239f9c91947b816b,3307
- completed:
    hackage: process-1.6.26.1@sha256:6def2e07c317f52f4d30c43e92f97b7bc5f7c27cb1270d386b15dce429e1180f,2947
    pantry-tree:
      sha256: 4cdf369a03c496a02a67d6d963884ae7b57eead30407881316983394b73cdc2e
      size: 1869
  original:
    hackage: process-1.6.26.1@sha256:6def2e07c317f52f4d30c43e92f97b7bc5f7c27cb1270d386b15dce429e1180f,2947
- completed:
    hackage: unix-2.8.8.0@sha256:0b239653389dbc5f33129d92ef31e44172c53e6ada373d636d89f09d23cc6009,10318
    pantry-tree:
      sha256: 5be8a73930be24d4a4bf9a6edc1fe76acdb081369e8c9bcc44525cadd0998f15
      size: 5945
  original:
    hackage: unix-2.8.8.0@sha256:0b239653389dbc5f33129d92ef31e44172c53e6ada373d636d89f09d23cc6009,10318
- completed:
    hackage: file-io-0.1.5@sha256:1d68a81fa684d006b1ec73836cebe3de9a54688836915fe3e56a20389846bb4e,3309
    pantry-tree:
      sha256: 29b9dc0a18772cb73091b711a5dbda029fe89c1ffb06034b4f54258c4eabfe1b
      size: 905
  original:
    hackage: file-io-0.1.5@sha256:1d68a81fa684d006b1ec73836cebe3de9a54688836915fe3e56a20389846bb4e,3309
- completed:
    hackage: monad-logger-0.3.42@sha256:a0439d36e81b16773323db52df45be1d3058d7e14455db82cc2bd0609e1f16f4,1679
    pantry-tree:
      sha256: 7a5d065ced62c4c8d6f4e1caaa885fd7d35125f2422e161ecbe1bc8249e371fb
      size: 396
  original:
    hackage: monad-logger-0.3.42
- completed:
    hackage: text-2.1.3@sha256:5094b1264f717da458c5fa6690ca5eea90e568e464e33a6defeddeb7810b8053,11202
    pantry-tree:
      sha256: e8d29c4ea3ee6eccc0aa488abf36a0b1e698fbeb80e9eff28372e545ed8dd9b5
      size: 8725
  original:
    hackage: text-2.1.3
snapshots:
- completed:
    sha256: 72cdd5851794184138551f43f0897c28f1a5acdda303b266aa9e910461103b3c
    size: 726784
    url: https://raw.githubusercontent.com/commercialhaskell/stackage-snapshots/master/lts/24/28.yaml
  original: lts-24.28
